
Microsoft Visual Studio Solution File, Format Version 12.00
# Visual Studio Version 17
VisualStudioVersion = 17.5.002.0
MinimumVisualStudioVersion = 10.0.40219.1
Project("{9A19103F-16F7-4668-BE54-9A1E7A4F7556}") = "DesafioFundamentos", "DesafioFundamentos\DesafioFundamentos.csproj", "{614E2FD7-6B15-4D90-B348-A13C58056072}"
EndProject
Global
	GlobalSection(SolutionConfigurationPlatforms) = preSolution
		Debug|Any CPU = Debug|Any CPU
		Release|Any CPU = Release|Any CPU
	EndGlobalSection
	GlobalSection(ProjectConfigurationPlatforms) = postSolution
		{614E2FD7-6B15-4D90-B348-A13C58056072}.Debug|Any CPU.ActiveCfg = Debug|Any CPU
		{614E2FD7-6B15-4D90-B348-A13C58056072}.Debug|Any CPU.Build.0 = Debug|Any CPU
		{614E2FD7-6B15-4D90-B348-A13C58056072}.Release|Any CPU.ActiveCfg = Release|Any CPU
		{614E2FD7-6B15-4D90-B348-A13C58056072}.Release|Any CPU.Build.0 = Release|Any CPU
	EndGlobalSection
	GlobalSection(SolutionProperties) = preSolution
		HideSolutionNode = FALSE
	EndGlobalSection
	GlobalSection(ExtensibilityGlobals) = postSolution
		SolutionGuid = {597A8EB1-4EB2-4FB4-9EFB-9010C180C6F9}
	EndGlobalSection
EndGlobal
